
Microsoft Visual Studio Solution File, Format Version 12.00
# Visual Studio Version 17
VisualStudioVersion = 17.13.35825.156
MinimumVisualStudioVersion = 10.0.40219.1
Project("{54A90642-561A-4BB1-A94E-469ADEE60C69}") = "ecommerceplatform.client", "ECommercePlatform.client\ecommerceplatform.client.esproj", "{70FCC9D5-480D-54A0-C681-C31FF993D963}"
EndProject
Project("{FAE04EC0-301F-11D3-BF4B-00C04F79EFBC}") = "ECommercePlatform.Server", "ECommercePlatform.Server\ECommercePlatform.Server.csproj", "{06F852FB-4130-47CD-AC80-EA51C420F7DF}"
EndProject
Project("{FAE04EC0-301F-11D3-BF4B-00C04F79EFBC}") = "ECommercePlatform.Domain", "ECommercePlatform.Domain\ECommercePlatform.Domain.csproj", "{E5CC59B0-697A-4004-A8B1-0C200B36E2B5}"
EndProject
Project("{FAE04EC0-301F-11D3-BF4B-00C04F79EFBC}") = "ECommercePlatform.Application", "ECommercePlatform.Application\ECommercePlatform.Application.csproj", "{BE8C302C-37CA-44A4-AE6C-5659DCF72D84}"
EndProject
Project("{FAE04EC0-301F-11D3-BF4B-00C04F79EFBC}") = "ECommercePlatform.Infrastructure", "ECommercePlatform.Infrastructure\ECommercePlatform.Infrastructure.csproj", "{B0671CFC-E6F6-4A91-B190-39971139D474}"
EndProject
Project("{FAE04EC0-301F-11D3-BF4B-00C04F79EFBC}") = "ECommercePlatform.API", "ECommercePlatform.API\ECommercePlatform.API.csproj", "{DCAAB538-2EBA-45BF-A46D-6D7E52D6F6C4}"
EndProject
Global
	GlobalSection(SolutionConfigurationPlatforms) = preSolution
		Debug|Any CPU = Debug|Any CPU
		Release|Any CPU = Release|Any CPU
	EndGlobalSection
	GlobalSection(ProjectConfigurationPlatforms) = postSolution
		{70FCC9D5-480D-54A0-C681-C31FF993D963}.Debug|Any CPU.ActiveCfg = Debug|Any CPU
		{70FCC9D5-480D-54A0-C681-C31FF993D963}.Debug|Any CPU.Build.0 = Debug|Any CPU
		{70FCC9D5-480D-54A0-C681-C31FF993D963}.Debug|Any CPU.Deploy.0 = Debug|Any CPU
		{70FCC9D5-480D-54A0-C681-C31FF993D963}.Release|Any CPU.ActiveCfg = Release|Any CPU
		{70FCC9D5-480D-54A0-C681-C31FF993D963}.Release|Any CPU.Build.0 = Release|Any CPU
		{70FCC9D5-480D-54A0-C681-C31FF993D963}.Release|Any CPU.Deploy.0 = Release|Any CPU
		{06F852FB-4130-47CD-AC80-EA51C420F7DF}.Debug|Any CPU.ActiveCfg = Debug|Any CPU
		{06F852FB-4130-47CD-AC80-EA51C420F7DF}.Debug|Any CPU.Build.0 = Debug|Any CPU
		{06F852FB-4130-47CD-AC80-EA51C420F7DF}.Release|Any CPU.ActiveCfg = Release|Any CPU
		{06F852FB-4130-47CD-AC80-EA51C420F7DF}.Release|Any CPU.Build.0 = Release|Any CPU
		{E5CC59B0-697A-4004-A8B1-0C200B36E2B5}.Debug|Any CPU.ActiveCfg = Debug|Any CPU
		{E5CC59B0-697A-4004-A8B1-0C200B36E2B5}.Debug|Any CPU.Build.0 = Debug|Any CPU
		{E5CC59B0-697A-4004-A8B1-0C200B36E2B5}.Release|Any CPU.ActiveCfg = Release|Any CPU
		{E5CC59B0-697A-4004-A8B1-0C200B36E2B5}.Release|Any CPU.Build.0 = Release|Any CPU
		{BE8C302C-37CA-44A4-AE6C-5659DCF72D84}.Debug|Any CPU.ActiveCfg = Debug|Any CPU
		{BE8C302C-37CA-44A4-AE6C-5659DCF72D84}.Debug|Any CPU.Build.0 = Debug|Any CPU
		{BE8C302C-37CA-44A4-AE6C-5659DCF72D84}.Release|Any CPU.ActiveCfg = Release|Any CPU
		{BE8C302C-37CA-44A4-AE6C-5659DCF72D84}.Release|Any CPU.Build.0 = Release|Any CPU
		{B0671CFC-E6F6-4A91-B190-39971139D474}.Debug|Any CPU.ActiveCfg = Debug|Any CPU
		{B0671CFC-E6F6-4A91-B190-39971139D474}.Debug|Any CPU.Build.0 = Debug|Any CPU
		{B0671CFC-E6F6-4A91-B190-39971139D474}.Release|Any CPU.ActiveCfg = Release|Any CPU
		{B0671CFC-E6F6-4A91-B190-39971139D474}.Release|Any CPU.Build.0 = Release|Any CPU
		{DCAAB538-2EBA-45BF-A46D-6D7E52D6F6C4}.Debug|Any CPU.ActiveCfg = Debug|Any CPU
		{DCAAB538-2EBA-45BF-A46D-6D7E52D6F6C4}.Debug|Any CPU.Build.0 = Debug|Any CPU
		{DCAAB538-2EBA-45BF-A46D-6D7E52D6F6C4}.Release|Any CPU.ActiveCfg = Release|Any CPU
		{DCAAB538-2EBA-45BF-A46D-6D7E52D6F6C4}.Release|Any CPU.Build.0 = Release|Any CPU
	EndGlobalSection
	GlobalSection(SolutionProperties) = preSolution
		HideSolutionNode = FALSE
	EndGlobalSection
	GlobalSection(ExtensibilityGlobals) = postSolution
		SolutionGuid = {768E44B7-DF20-4961-90CE-37FD21591CE3}
	EndGlobalSection
EndGlobal
